
Microsoft Visual Studio Solution File, Format Version 12.00
# Visual Studio Version 16
VisualStudioVersion = 16.0.29911.84
MinimumVisualStudioVersion = 10.0.40219.1
Project("{FAE04EC0-301F-11D3-BF4B-00C04F79EFBC}") = "LinqCollection", "LinqCollection.csproj", "{578CE7BF-17EB-4497-959F-030F885E972C}"
EndProject
Global
	GlobalSection(SolutionConfigurationPlatforms) = preSolution
		Debug|Any CPU = Debug|Any CPU
		Release|Any CPU = Release|Any CPU
	EndGlobalSection
	GlobalSection(ProjectConfigurationPlatforms) = postSolution
		{578CE7BF-17EB-4497-959F-030F885E972C}.Debug|Any CPU.ActiveCfg = Debug|Any CPU
		{578CE7BF-17EB-4497-959F-030F885E972C}.Debug|Any CPU.Build.0 = Debug|Any CPU
		{578CE7BF-17EB-4497-959F-030F885E972C}.Release|Any CPU.ActiveCfg = Release|Any CPU
		{578CE7BF-17EB-4497-959F-030F885E972C}.Release|Any CPU.Build.0 = Release|Any CPU
	EndGlobalSection
	GlobalSection(SolutionProperties) = preSolution
		HideSolutionNode = FALSE
	EndGlobalSection
	GlobalSection(ExtensibilityGlobals) = postSolution
		SolutionGuid = {E5BE2383-041B-450D-8392-01BE8AD54F1C}
	EndGlobalSection
EndGlobal
